// !$*UTF8*$!
{
	archiveVersion = 1;
	classes = {
	};
	objectVersion = 48;
	objects = {

/* Begin PBXBuildFile section */
		2918B05B203E562F007BF3B6 /* AppDelegate.m in Sources */ = {isa = PBXBuildFile; fileRef = 2918B05A203E562F007BF3B6 /* AppDelegate.m */; };
		2918B05E203E562F007BF3B6 /* ViewController.m in Sources */ = {isa = PBXBuildFile; fileRef = 2918B05D203E562F007BF3B6 /* ViewController.m */; };
		2918B061203E562F007BF3B6 /* Main.storyboard in Resources */ = {isa = PBXBuildFile; fileRef = 2918B05F203E562F007BF3B6 /* Main.storyboard */; };
		2918B063203E562F007BF3B6 /* Assets.xcassets in Resources */ = {isa = PBXBuildFile; fileRef = 2918B062203E562F007BF3B6 /* Assets.xcassets */; };
		2918B066203E562F007BF3B6 /* LaunchScreen.storyboard in Resources */ = {isa = PBXBuildFile; fileRef = 2918B064203E562F007BF3B6 /* LaunchScreen.storyboard */; };
		2918B069203E562F007BF3B6 /* main.m in Sources */ = {isa = PBXBuildFile; fileRef = 2918B068203E562F007BF3B6 /* main.m */; };
		2918B071203E587C007BF3B6 /* DrawView.m in Sources */ = {isa = PBXBuildFile; fileRef = 2918B070203E587C007BF3B6 /* DrawView.m */; };
/* End PBXBuildFile section */

/* Begin PBXContainerItemProxy section */
		29F4BB9C203FDFF300515EE6 /* PBXContainerItemProxy */ = {
			isa = PBXContainerItemProxy;
			containerPortal = 29F4BB98203FDFF300515EE6 /* CoreGraphics App One Point Five.xcodeproj */;
			proxyType = 2;
			remoteGlobalIDString = 29F4BB54203FD79300515EE6;
			remoteInfo = "CoreGraphics App One Point Five";
		};
		29F4BBA2203FE01A00515EE6 /* PBXContainerItemProxy */ = {
			isa = PBXContainerItemProxy;
			containerPortal = 29F4BB9E203FE01A00515EE6 /* CoreGraphics App One Point Five.xcodeproj */;
			proxyType = 2;
			remoteGlobalIDString = 29F4BB54203FD79300515EE6;
			remoteInfo = "CoreGraphics App One Point Five";
		};
		29F4BBAB203FE02800515EE6 /* PBXContainerItemProxy */ = {
			isa = PBXContainerItemProxy;
			containerPortal = 29F4BBA7203FE02800515EE6 /* CoreGraphics App One Point Five.xcodeproj */;
			proxyType = 2;
			remoteGlobalIDString = 29F4BB54203FD79300515EE6;
			remoteInfo = "CoreGraphics App One Point Five";
		};
		29F4BBB7203FE03200515EE6 /* PBXContainerItemProxy */ = {
			isa = PBXContainerItemProxy;
			containerPortal = 29F4BBB3203FE03200515EE6 /* CoreGraphics App Two.xcodeproj */;
			proxyType = 2;
			remoteGlobalIDString = 2918B07B203E6489007BF3B6;
			remoteInfo = "CoreGraphics App Two";
		};
/* End PBXContainerItemProxy section */

/* Begin PBXFileReference section */
		2918B056203E562F007BF3B6 /* CoreGraphcis App One.app */ = {isa = PBXFileReference; explicitFileType = wrapper.application; includeInIndex = 0; path = "CoreGraphcis App One.app"; sourceTree = BUILT_PRODUCTS_DIR; };
		2918B059203E562F007BF3B6 /* AppDelegate.h */ = {isa = PBXFileReference; lastKnownFileType = sourcecode.c.h; path = AppDelegate.h; sourceTree = "<group>"; };
		2918B05A203E562F007BF3B6 /* AppDelegate.m */ = {isa = PBXFileReference; lastKnownFileType = sourcecode.c.objc; path = AppDelegate.m; sourceTree = "<group>"; };
		2918B05C203E562F007BF3B6 /* ViewController.h */ = {isa = PBXFileReference; lastKnownFileType = sourcecode.c.h; path = ViewController.h; sourceTree = "<group>"; };
		2918B05D203E562F007BF3B6 /* ViewController.m */ = {isa = PBXFileReference; lastKnownFileType = sourcecode.c.objc; path = ViewController.m; sourceTree = "<group>"; };
		2918B060203E562F007BF3B6 /* Base */ = {isa = PBXFileReference; lastKnownFileType = file.storyboard; name = Base; path = Base.lproj/Main.storyboard; sourceTree = "<group>"; };
		2918B062203E562F007BF3B6 /* Assets.xcassets */ = {isa = PBXFileReference; lastKnownFileType = folder.assetcatalog; path = Assets.xcassets; sourceTree = "<group>"; };
		2918B065203E562F007BF3B6 /* Base */ = {isa = PBXFileReference; lastKnownFileType = file.storyboard; name = Base; path = Base.lproj/LaunchScreen.storyboard; sourceTree = "<group>"; };
		2918B067203E562F007BF3B6 /* Info.plist */ = {isa = PBXFileReference; lastKnownFileType = text.plist.xml; path = Info.plist; sourceTree = "<group>"; };
		2918B068203E562F007BF3B6 /* main.m */ = {isa = PBXFileReference; lastKnownFileType = sourcecode.c.objc; path = main.m; sourceTree = "<group>"; };
		2918B06F203E587C007BF3B6 /* DrawView.h */ = {isa = PBXFileReference; fileEncoding = 4; lastKnownFileType = sourcecode.c.h; path = DrawView.h; sourceTree = "<group>"; };
		2918B070203E587C007BF3B6 /* DrawView.m */ = {isa = PBXFileReference; fileEncoding = 4; lastKnownFileType = sourcecode.c.objc; path = DrawView.m; sourceTree = "<group>"; };
		29F4BB98203FDFF300515EE6 /* CoreGraphics App One Point Five.xcodeproj */ = {isa = PBXFileReference; lastKnownFileType = "wrapper.pb-project"; name = "CoreGraphics App One Point Five.xcodeproj"; path = "../CoreGraphics App One Point Five/CoreGraphics App One Point Five.xcodeproj"; sourceTree = "<group>"; };
		29F4BB9E203FE01A00515EE6 /* CoreGraphics App One Point Five.xcodeproj */ = {isa = PBXFileReference; lastKnownFileType = "wrapper.pb-project"; name = "CoreGraphics App One Point Five.xcodeproj"; path = "../CoreGraphics App One Point Five/CoreGraphics App One Point Five.xcodeproj"; sourceTree = "<group>"; };
		29F4BBA4203FE01E00515EE6 /* CoreGraphcis App One.xcodeproj */ = {isa = PBXFileReference; lastKnownFileType = "wrapper.pb-project"; path = "CoreGraphcis App One.xcodeproj"; sourceTree = "<group>"; };
		29F4BBA7203FE02800515EE6 /* CoreGraphics App One Point Five.xcodeproj */ = {isa = PBXFileReference; lastKnownFileType = "wrapper.pb-project"; name = "CoreGraphics App One Point Five.xcodeproj"; path = "../CoreGraphics App One Point Five/CoreGraphics App One Point Five.xcodeproj"; sourceTree = "<group>"; };
		29F4BBB3203FE03200515EE6 /* CoreGraphics App Two.xcodeproj */ = {isa = PBXFileReference; lastKnownFileType = "wrapper.pb-project"; name = "CoreGraphics App Two.xcodeproj"; path = "../CoreGraphics App Two/CoreGraphics App Two.xcodeproj"; sourceTree = "<group>"; };
/* End PBXFileReference section */

/* Begin PBXFrameworksBuildPhase section */
		2918B053203E562F007BF3B6 /* Frameworks */ = {
			isa = PBXFrameworksBuildPhase;
			buildActionMask = 2147483647;
			files = (
			);
			runOnlyForDeploymentPostprocessing = 0;
		};
/* End PBXFrameworksBuildPhase section */

/* Begin PBXGroup section */
		2918B04D203E562F007BF3B6 = {
			isa = PBXGroup;
			children = (
				29F4BBB3203FE03200515EE6 /* CoreGraphics App Two.xcodeproj */,
				29F4BBA7203FE02800515EE6 /* CoreGraphics App One Point Five.xcodeproj */,
				29F4BBA4203FE01E00515EE6 /* CoreGraphcis App One.xcodeproj */,
				29F4BB98203FDFF300515EE6 /* CoreGraphics App One Point Five.xcodeproj */,
				29F4BB9E203FE01A00515EE6 /* CoreGraphics App One Point Five.xcodeproj */,
				2918B058203E562F007BF3B6 /* CoreGraphcis App One */,
				2918B057203E562F007BF3B6 /* Products */,
			);
			sourceTree = "<group>";
		};
		2918B057203E562F007BF3B6 /* Products */ = {
			isa = PBXGroup;
			children = (
				2918B056203E562F007BF3B6 /* CoreGraphcis App One.app */,
			);
			name = Products;
			sourceTree = "<group>";
		};
		2918B058203E562F007BF3B6 /* CoreGraphcis App One */ = {
			isa = PBXGroup;
			children = (
				2918B059203E562F007BF3B6 /* AppDelegate.h */,
				2918B05A203E562F007BF3B6 /* AppDelegate.m */,
				2918B06F203E587C007BF3B6 /* DrawView.h */,
				2918B070203E587C007BF3B6 /* DrawView.m */,
				2918B05C203E562F007BF3B6 /* ViewController.h */,
				2918B05D203E562F007BF3B6 /* ViewController.m */,
				2918B05F203E562F007BF3B6 /* Main.storyboard */,
				2918B062203E562F007BF3B6 /* Assets.xcassets */,
				2918B064203E562F007BF3B6 /* LaunchScreen.storyboard */,
				2918B067203E562F007BF3B6 /* Info.plist */,
				2918B068203E562F007BF3B6 /* main.m */,
			);
			path = "CoreGraphcis App One";
			sourceTree = "<group>";
		};
		29F4BB99203FDFF300515EE6 /* Products */ = {
			isa = PBXGroup;
			children = (
				29F4BB9D203FDFF300515EE6 /* CoreGraphics App One Point Five.app */,
			);
			name = Products;
			sourceTree = "<group>";
		};
		29F4BB9F203FE01A00515EE6 /* Products */ = {
			isa = PBXGroup;
			children = (
				29F4BBA3203FE01A00515EE6 /* CoreGraphics App One Point Five.app */,
			);
			name = Products;
			sourceTree = "<group>";
		};
		29F4BBA5203FE01E00515EE6 /* Products */ = {
			isa = PBXGroup;
			name = Products;
			sourceTree = "<group>";
		};
		29F4BBA8203FE02800515EE6 /* Products */ = {
			isa = PBXGroup;
			children = (
				29F4BBAC203FE02800515EE6 /* CoreGraphics App One Point Five.app */,
			);
			name = Products;
			sourceTree = "<group>";
		};
		29F4BBB4203FE03200515EE6 /* Products */ = {
			isa = PBXGroup;
			children = (
				29F4BBB8203FE03200515EE6 /* CoreGraphics App Two.app */,
			);
			name = Products;
			sourceTree = "<group>";
		};
/* End PBXGroup section */

/* Begin PBXNativeTarget section */
		2918B055203E562F007BF3B6 /* CoreGraphcis App One */ = {
			isa = PBXNativeTarget;
			buildConfigurationList = 2918B06C203E562F007BF3B6 /* Build configuration list for PBXNativeTarget "CoreGraphcis App One" */;
			buildPhases = (
				2918B052203E562F007BF3B6 /* Sources */,
				2918B053203E562F007BF3B6 /* Frameworks */,
				2918B054203E562F007BF3B6 /* Resources */,
			);
			buildRules = (
			);
			dependencies = (
			);
			name = "CoreGraphcis App One";
			productName = "CoreGraphcis App One";
			productReference = 2918B056203E562F007BF3B6 /* CoreGraphcis App One.app */;
			productType = "com.apple.product-type.application";
		};
/* End PBXNativeTarget section */

/* Begin PBXProject section */
		2918B04E203E562F007BF3B6 /* Project object */ = {
			isa = PBXProject;
			attributes = {
				LastUpgradeCheck = 0910;
				ORGANIZATIONNAME = "Cinard Digital Media Institute";
				TargetAttributes = {
					2918B055203E562F007BF3B6 = {
						CreatedOnToolsVersion = 9.1;
						ProvisioningStyle = Automatic;
					};
				};
			};
			buildConfigurationList = 2918B051203E562F007BF3B6 /* Build configuration list for PBXProject "CoreGraphcis App One" */;
			compatibilityVersion = "Xcode 8.0";
			developmentRegion = en;
			hasScannedForEncodings = 0;
			knownRegions = (
				en,
				Base,
			);
			mainGroup = 2918B04D203E562F007BF3B6;
			productRefGroup = 2918B057203E562F007BF3B6 /* Products */;
			projectDirPath = "";
			projectReferences = (
				{
					ProductGroup = 29F4BBA5203FE01E00515EE6 /* Products */;
					ProjectRef = 29F4BBA4203FE01E00515EE6 /* CoreGraphcis App One.xcodeproj */;
				},
				{
					ProductGroup = 29F4BBA8203FE02800515EE6 /* Products */;
					ProjectRef = 29F4BBA7203FE02800515EE6 /* CoreGraphics App One Point Five.xcodeproj */;
				},
				{
					ProductGroup = 29F4BB9F203FE01A00515EE6 /* Products */;
					ProjectRef = 29F4BB9E203FE01A00515EE6 /* CoreGraphics App One Point Five.xcodeproj */;
				},
				{
					ProductGroup = 29F4BB99203FDFF300515EE6 /* Products */;
					ProjectRef = 29F4BB98203FDFF300515EE6 /* CoreGraphics App One Point Five.xcodeproj */;
				},
				{
					ProductGroup = 29F4BBB4203FE03200515EE6 /* Products */;
					ProjectRef = 29F4BBB3203FE03200515EE6 /* CoreGraphics App Two.xcodeproj */;
				},
			);
			projectRoot = "";
			targets = (
				2918B055203E562F007BF3B6 /* CoreGraphcis App One */,
			);
		};
/* End PBXProject section */

/* Begin PBXReferenceProxy section */
		29F4BB9D203FDFF300515EE6 /* CoreGraphics App One Point Five.app */ = {
			isa = PBXReferenceProxy;
			fileType = wrapper.application;
			path = "CoreGraphics App One Point Five.app";
			remoteRef = 29F4BB9C203FDFF300515EE6 /* PBXContainerItemProxy */;
			sourceTree = BUILT_PRODUCTS_DIR;
		};
		29F4BBA3203FE01A00515EE6 /* CoreGraphics App One Point Five.app */ = {
			isa = PBXReferenceProxy;
			fileType = wrapper.application;
			path = "CoreGraphics App One Point Five.app";
			remoteRef = 29F4BBA2203FE01A00515EE6 /* PBXContainerItemProxy */;
			sourceTree = BUILT_PRODUCTS_DIR;
		};
		29F4BBAC203FE02800515EE6 /* CoreGraphics App One Point Five.app */ = {
			isa = PBXReferenceProxy;
			fileType = wrapper.application;
			path = "CoreGraphics App One Point Five.app";
			remoteRef = 29F4BBAB203FE02800515EE6 /* PBXContainerItemProxy */;
			sourceTree = BUILT_PRODUCTS_DIR;
		};
		29F4BBB8203FE03200515EE6 /* CoreGraphics App Two.app */ = {
			isa = PBXReferenceProxy;
			fileType = wrapper.application;
			path = "CoreGraphics App Two.app";
			remoteRef = 29F4BBB7203FE03200515EE6 /* PBXContainerItemProxy */;
			sourceTree = BUILT_PRODUCTS_DIR;
		};
/* End PBXReferenceProxy section */

/* Begin PBXResourcesBuildPhase section */
		2918B054203E562F007BF3B6 /* Resources */ = {
			isa = PBXResourcesBuildPhase;
			buildActionMask = 2147483647;
			files = (
				2918B066203E562F007BF3B6 /* LaunchScreen.storyboard in Resources */,
				2918B063203E562F007BF3B6 /* Assets.xcassets in Resources */,
				2918B061203E562F007BF3B6 /* Main.storyboard in Resources */,
			);
			runOnlyForDeploymentPostprocessing = 0;
		};
/* End PBXResourcesBuildPhase section */

/* Begin PBXSourcesBuildPhase section */
		2918B052203E562F007BF3B6 /* Sources */ = {
			isa = PBXSourcesBuildPhase;
			buildActionMask = 2147483647;
			files = (
				2918B05E203E562F007BF3B6 /* ViewController.m in Sources */,
				2918B069203E562F007BF3B6 /* main.m in Sources */,
				2918B071203E587C007BF3B6 /* DrawView.m in Sources */,
				2918B05B203E562F007BF3B6 /* AppDelegate.m in Sources */,
			);
			runOnlyForDeploymentPostprocessing = 0;
		};
/* End PBXSourcesBuildPhase section */

/* Begin PBXVariantGroup section */
		2918B05F203E562F007BF3B6 /* Main.storyboard */ = {
			isa = PBXVariantGroup;
			children = (
				2918B060203E562F007BF3B6 /* Base */,
			);
			name = Main.storyboard;
			sourceTree = "<group>";
		};
		2918B064203E562F007BF3B6 /* LaunchScreen.storyboard */ = {
			isa = PBXVariantGroup;
			children = (
				2918B065203E562F007BF3B6 /* Base */,
			);
			name = LaunchScreen.storyboard;
			sourceTree = "<group>";
		};
/* End PBXVariantGroup section */

/* Begin XCBuildConfiguration section */
		2918B06A203E562F007BF3B6 /* Debug */ = {
			isa = XCBuildConfiguration;
			buildSettings = {
				ALWAYS_SEARCH_USER_PATHS = NO;
				CLANG_ANALYZER_NONNULL = YES;
				CLANG_ANALYZER_NUMBER_OBJECT_CONVERSION = YES_AGGRESSIVE;
				CLANG_CXX_LANGUAGE_STANDARD = "gnu++14";
				CLANG_CXX_LIBRARY = "libc++";
				CLANG_ENABLE_MODULES = YES;
				CLANG_ENABLE_OBJC_ARC = YES;
				CLANG_WARN_BLOCK_CAPTURE_AUTORELEASING = YES;
				CLANG_WARN_BOOL_CONVERSION = YES;
				CLANG_WARN_COMMA = YES;
				CLANG_WARN_CONSTANT_CONVERSION = YES;
				CLANG_WARN_DIRECT_OBJC_ISA_USAGE = YES_ERROR;
				CLANG_WARN_DOCUMENTATION_COMMENTS = YES;
				CLANG_WARN_EMPTY_BODY = YES;
				CLANG_WARN_ENUM_CONVERSION = YES;
				CLANG_WARN_INFINITE_RECURSION = YES;
				CLANG_WARN_INT_CONVERSION = YES;
				CLANG_WARN_NON_LITERAL_NULL_CONVERSION = YES;
				CLANG_WARN_OBJC_LITERAL_CONVERSION = YES;
				CLANG_WARN_OBJC_ROOT_CLASS = YES_ERROR;
				CLANG_WARN_RANGE_LOOP_ANALYSIS = YES;
				CLANG_WARN_STRICT_PROTOTYPES = YES;
				CLANG_WARN_SUSPICIOUS_MOVE = YES;
				CLANG_WARN_UNGUARDED_AVAILABILITY = YES_AGGRESSIVE;
				CLANG_WARN_UNREACHABLE_CODE = YES;
				CLANG_WARN__DUPLICATE_METHOD_MATCH = YES;
				CODE_SIGN_IDENTITY = "iPhone Developer";
				COPY_PHASE_STRIP = NO;
				DEBUG_INFORMATION_FORMAT = dwarf;
				ENABLE_STRICT_OBJC_MSGSEND = YES;
				ENABLE_TESTABILITY = YES;
				GCC_C_LANGUAGE_STANDARD = gnu11;
				GCC_DYNAMIC_NO_PIC = NO;
				GCC_NO_COMMON_BLOCKS = YES;
				GCC_OPTIMIZATION_LEVEL = 0;
				GCC_PREPROCESSOR_DEFINITIONS = (
					"DEBUG=1",
					"$(inherited)",
				);
				GCC_WARN_64_TO_32_BIT_CONVERSION = YES;
				GCC_WARN_ABOUT_RETURN_TYPE = YES_ERROR;
				GCC_WARN_UNDECLARED_SELECTOR = YES;
				GCC_WARN_UNINITIALIZED_AUTOS = YES_AGGRESSIVE;
				GCC_WARN_UNUSED_FUNCTION = YES;
				GCC_WARN_UNUSED_VARIABLE = YES;
				IPHONEOS_DEPLOYMENT_TARGET = 11.1;
				MTL_ENABLE_DEBUG_INFO = YES;
				ONLY_ACTIVE_ARCH = YES;
				SDKROOT = iphoneos;
			};
			name = Debug;
		};
		2918B06B203E562F007BF3B6 /* Release */ = {
			isa = XCBuildConfiguration;
			buildSettings = {
				ALWAYS_SEARCH_USER_PATHS = NO;
				CLANG_ANALYZER_NONNULL = YES;
				CLANG_ANALYZER_NUMBER_OBJECT_CONVERSION = YES_AGGRESSIVE;
				CLANG_CXX_LANGUAGE_STANDARD = "gnu++14";
				CLANG_CXX_LIBRARY = "libc++";
				CLANG_ENABLE_MODULES = YES;
				CLANG_ENABLE_OBJC_ARC = YES;
				CLANG_WARN_BLOCK_CAPTURE_AUTORELEASING = YES;
				CLANG_WARN_BOOL_CONVERSION = YES;
				CLANG_WARN_COMMA = YES;
				CLANG_WARN_CONSTANT_CONVERSION = YES;
				CLANG_WARN_DIRECT_OBJC_ISA_USAGE = YES_ERROR;
				CLANG_WARN_DOCUMENTATION_COMMENTS = YES;
				CLANG_WARN_EMPTY_BODY = YES;
				CLANG_WARN_ENUM_CONVERSION = YES;
				CLANG_WARN_INFINITE_RECURSION = YES;
				CLANG_WARN_INT_CONVERSION = YES;
				CLANG_WARN_NON_LITERAL_NULL_CONVERSION = YES;
				CLANG_WARN_OBJC_LITERAL_CONVERSION = YES;
				CLANG_WARN_OBJC_ROOT_CLASS = YES_ERROR;
				CLANG_WARN_RANGE_LOOP_ANALYSIS = YES;
				CLANG_WARN_STRICT_PROTOTYPES = YES;
				CLANG_WARN_SUSPICIOUS_MOVE = YES;
				CLANG_WARN_UNGUARDED_AVAILABILITY = YES_AGGRESSIVE;
				CLANG_WARN_UNREACHABLE_CODE = YES;
				CLANG_WARN__DUPLICATE_METHOD_MATCH = YES;
				CODE_SIGN_IDENTITY = "iPhone Developer";
				COPY_PHASE_STRIP = NO;
				DEBUG_INFORMATION_FORMAT = "dwarf-with-dsym";
				ENABLE_NS_ASSERTIONS = NO;
				ENABLE_STRICT_OBJC_MSGSEND = YES;
				GCC_C_LANGUAGE_STANDARD = gnu11;
				GCC_NO_COMMON_BLOCKS = YES;
				GCC_WARN_64_TO_32_BIT_CONVERSION = YES;
				GCC_WARN_ABOUT_RETURN_TYPE = YES_ERROR;
				GCC_WARN_UNDECLARED_SELECTOR = YES;
				GCC_WARN_UNINITIALIZED_AUTOS = YES_AGGRESSIVE;
				GCC_WARN_UNUSED_FUNCTION = YES;
				GCC_WARN_UNUSED_VARIABLE = YES;
				IPHONEOS_DEPLOYMENT_TARGET = 11.1;
				MTL_ENABLE_DEBUG_INFO = NO;
				SDKROOT = iphoneos;
				VALIDATE_PRODUCT = YES;
			};
			name = Release;
		};
		2918B06D203E562F007BF3B6 /* Debug */ = {
			isa = XCBuildConfiguration;
			buildSettings = {
				ASSETCATALOG_COMPILER_APPICON_NAME = AppIcon;
				CODE_SIGN_STYLE = Automatic;
				DEVELOPMENT_TEAM = K5PX54PSAX;
				INFOPLIST_FILE = "CoreGraphcis App One/Info.plist";
				LD_RUNPATH_SEARCH_PATHS = "$(inherited) @executable_path/Frameworks";
				PRODUCT_BUNDLE_IDENTIFIER = "ca.cinard.CoreGraphcis-App-One";
				PRODUCT_NAME = "$(TARGET_NAME)";
				TARGETED_DEVICE_FAMILY = "1,2";
			};
			name = Debug;
		};
		2918B06E203E562F007BF3B6 /* Release */ = {
			isa = XCBuildConfiguration;
			buildSettings = {
				ASSETCATALOG_COMPILER_APPICON_NAME = AppIcon;
				CODE_SIGN_STYLE = Automatic;
				DEVELOPMENT_TEAM = K5PX54PSAX;
				INFOPLIST_FILE = "CoreGraphcis App One/Info.plist";
				LD_RUNPATH_SEARCH_PATHS = "$(inherited) @executable_path/Frameworks";
				PRODUCT_BUNDLE_IDENTIFIER = "ca.cinard.CoreGraphcis-App-One";
				PRODUCT_NAME = "$(TARGET_NAME)";
				TARGETED_DEVICE_FAMILY = "1,2";
			};
			name = Release;
		};
/* End XCBuildConfiguration section */

/* Begin XCConfigurationList section */
		2918B051203E562F007BF3B6 /* Build configuration list for PBXProject "CoreGraphcis App One" */ = {
			isa = XCConfigurationList;
			buildConfigurations = (
				2918B06A203E562F007BF3B6 /* Debug */,
				2918B06B203E562F007BF3B6 /* Release */,
			);
			defaultConfigurationIsVisible = 0;
			defaultConfigurationName = Release;
		};
		2918B06C203E562F007BF3B6 /* Build configuration list for PBXNativeTarget "CoreGraphcis App One" */ = {
			isa = XCConfigurationList;
			buildConfigurations = (
				2918B06D203E562F007BF3B6 /* Debug */,
				2918B06E203E562F007BF3B6 /* Release */,
			);
			defaultConfigurationIsVisible = 0;
			defaultConfigurationName = Release;
		};
/* End XCConfigurationList section */
	};
	rootObject = 2918B04E203E562F007BF3B6 /* Project object */;
}
